{
  "R": {
    "Version": "3.4.4",
    "Repositories": [
      {
        "Name": "CRAN",
        "URL": "https://cloud.r-project.org"
      }
    ]
  },
  "Packages": {
    "Matrix": {
      "Package": "Matrix",
      "Version": "1.2-12",
      "Source": "Repository",
      "Repository": "CRAN",
      "Hash": "2451d6490ec017b18b6eff460c65fd85"
    },
    "igraph": {
      "Package": "igraph",
      "Version": "1.2.4.2",
      "Source": "Repository",
      "Repository": "CRAN",
      "Hash": "fffa635f747cd07ffc56bc13a23701e4"
    },
    "lattice": {
      "Package": "lattice",
      "Version": "0.20-35",
      "Source": "Repository",
      "Repository": "CRAN",
      "RemoteType": "cran",
      "RemoteSha": "0.20-35",
      "RemoteRepos": "structure(\"https://cran.rstudio.com/\", .Names = \"CRAN\")",
      "RemotePkgType": "source",
      "Hash": "7b6c23ec2fcdc11aa4f179f405a080a0"
    },
    "magrittr": {
      "Package": "magrittr",
      "Version": "1.5",
      "Source": "Repository",
      "Repository": "CRAN",
      "Hash": "1bb58822a20301cee84a41678e25d9b7"
    },
    "pkgconfig": {
      "Package": "pkgconfig",
      "Version": "2.0.1",
      "Source": "Repository",
      "Repository": "CRAN",
      "Hash": "b8a063ca3694e651ac46f71b4bf0e090"
    },
    "renv": {
      "Package": "renv",
      "Version": "0.8.3-66",
      "Source": "GitHub",
      "RemoteType": "github",
      "RemoteHost": "api.github.com",
      "RemoteRepo": "renv",
      "RemoteUsername": "rstudio",
      "RemoteRef": "master",
      "RemoteSha": "c93cede1e455b4769a9c253de9d6914355e672e6",
      "Hash": "edbf9438e2b175cd7bf665c960a4c847"
    }
  }
}
